
Microsoft Visual Studio Solution File, Format Version 12.00
# Visual Studio Version 17
VisualStudioVersion = 17.8.34511.84
MinimumVisualStudioVersion = 10.0.40219.1
Project("{FAE04EC0-301F-11D3-BF4B-00C04F79EFBC}") = "GameOfLife", "GameOfLife.csproj", "{68E0DD35-FA0B-4FCB-BEFE-EA559D378E49}"
EndProject
Global
	GlobalSection(SolutionConfigurationPlatforms) = preSolution
		Debug|Any CPU = Debug|Any CPU
		Release|Any CPU = Release|Any CPU
	EndGlobalSection
	GlobalSection(ProjectConfigurationPlatforms) = postSolution
		{68E0DD35-FA0B-4FCB-BEFE-EA559D378E49}.Debug|Any CPU.ActiveCfg = Debug|Any CPU
		{68E0DD35-FA0B-4FCB-BEFE-EA559D378E49}.Debug|Any CPU.Build.0 = Debug|Any CPU
		{68E0DD35-FA0B-4FCB-BEFE-EA559D378E49}.Debug|Any CPU.Deploy.0 = Debug|Any CPU
		{68E0DD35-FA0B-4FCB-BEFE-EA559D378E49}.Release|Any CPU.ActiveCfg = Release|Any CPU
		{68E0DD35-FA0B-4FCB-BEFE-EA559D378E49}.Release|Any CPU.Build.0 = Release|Any CPU
		{68E0DD35-FA0B-4FCB-BEFE-EA559D378E49}.Release|Any CPU.Deploy.0 = Release|Any CPU
	EndGlobalSection
	GlobalSection(SolutionProperties) = preSolution
		HideSolutionNode = FALSE
	EndGlobalSection
	GlobalSection(ExtensibilityGlobals) = postSolution
		SolutionGuid = {A497D05D-BD9E-4B55-8D51-62CFAE519A78}
	EndGlobalSection
EndGlobal
